
Microsoft Visual Studio Solution File, Format Version 12.00
# Visual Studio Version 16
VisualStudioVersion = 16.0.29911.84
MinimumVisualStudioVersion = 10.0.40219.1
Project("{FAE04EC0-301F-11D3-BF4B-00C04F79EFBC}") = "ActMon", "Actmon\ActMon.csproj", "{02A96D46-4003-45E5-9F29-B4EDB9F64621}"
EndProject
Project("{FAE04EC0-301F-11D3-BF4B-00C04F79EFBC}") = "ActivityMonitor", "ActivityMonitor\ActivityMonitor.csproj", "{B1F7C3DB-FA75-43FC-8671-179F251F2FC4}"
EndProject
Global
	GlobalSection(SolutionConfigurationPlatforms) = preSolution
		Debug|Any CPU = Debug|Any CPU
		Release|Any CPU = Release|Any CPU
	EndGlobalSection
	GlobalSection(ProjectConfigurationPlatforms) = postSolution
		{02A96D46-4003-45E5-9F29-B4EDB9F64621}.Debug|Any CPU.ActiveCfg = Debug|Any CPU
		{02A96D46-4003-45E5-9F29-B4EDB9F64621}.Debug|Any CPU.Build.0 = Debug|Any CPU
		{02A96D46-4003-45E5-9F29-B4EDB9F64621}.Release|Any CPU.ActiveCfg = Release|Any CPU
		{02A96D46-4003-45E5-9F29-B4EDB9F64621}.Release|Any CPU.Build.0 = Release|Any CPU
		{B1F7C3DB-FA75-43FC-8671-179F251F2FC4}.Debug|Any CPU.ActiveCfg = Debug|Any CPU
		{B1F7C3DB-FA75-43FC-8671-179F251F2FC4}.Debug|Any CPU.Build.0 = Debug|Any CPU
		{B1F7C3DB-FA75-43FC-8671-179F251F2FC4}.Release|Any CPU.ActiveCfg = Release|Any CPU
		{B1F7C3DB-FA75-43FC-8671-179F251F2FC4}.Release|Any CPU.Build.0 = Release|Any CPU
	EndGlobalSection
	GlobalSection(SolutionProperties) = preSolution
		HideSolutionNode = FALSE
	EndGlobalSection
	GlobalSection(ExtensibilityGlobals) = postSolution
		SolutionGuid = {0AABA34F-2375-4B9B-AA1F-7F4A62C88D66}
	EndGlobalSection
EndGlobal
